
Microsoft Visual Studio Solution File, Format Version 12.00
# Visual Studio Version 16
VisualStudioVersion = 16.0.29503.13
MinimumVisualStudioVersion = 10.0.40219.1
Project("{8BC9CEB8-8B4A-11D0-8D11-00A0C91BC942}") = "4_euler", "4_euler.vcxproj", "{821FAA83-D7E3-4C89-9FD6-858688747694}"
EndProject
Global
	GlobalSection(SolutionConfigurationPlatforms) = preSolution
		Debug|x64 = Debug|x64
		Debug|x86 = Debug|x86
		Release|x64 = Release|x64
		Release|x86 = Release|x86
	EndGlobalSection
	GlobalSection(ProjectConfigurationPlatforms) = postSolution
		{821FAA83-D7E3-4C89-9FD6-858688747694}.Debug|x64.ActiveCfg = Debug|x64
		{821FAA83-D7E3-4C89-9FD6-858688747694}.Debug|x64.Build.0 = Debug|x64
		{821FAA83-D7E3-4C89-9FD6-858688747694}.Debug|x86.ActiveCfg = Debug|Win32
		{821FAA83-D7E3-4C89-9FD6-858688747694}.Debug|x86.Build.0 = Debug|Win32
		{821FAA83-D7E3-4C89-9FD6-858688747694}.Release|x64.ActiveCfg = Release|x64
		{821FAA83-D7E3-4C89-9FD6-858688747694}.Release|x64.Build.0 = Release|x64
		{821FAA83-D7E3-4C89-9FD6-858688747694}.Release|x86.ActiveCfg = Release|Win32
		{821FAA83-D7E3-4C89-9FD6-858688747694}.Release|x86.Build.0 = Release|Win32
	EndGlobalSection
	GlobalSection(SolutionProperties) = preSolution
		HideSolutionNode = FALSE
	EndGlobalSection
	GlobalSection(ExtensibilityGlobals) = postSolution
		SolutionGuid = {52076021-DEDF-4F91-8FAE-0E69C20274F7}
	EndGlobalSection
EndGlobal
