
Microsoft Visual Studio Solution File, Format Version 12.00
# Visual Studio Version 16
VisualStudioVersion = 16.0.29503.13
MinimumVisualStudioVersion = 10.0.40219.1
Project("{8BC9CEB8-8B4A-11D0-8D11-00A0C91BC942}") = "4_euler_rk4", "4_euler_rk4\4_euler_rk4.vcxproj", "{C8195391-6893-4859-B445-AF881A55E5F5}"
EndProject
Global
	GlobalSection(SolutionConfigurationPlatforms) = preSolution
		Debug|x64 = Debug|x64
		Debug|x86 = Debug|x86
		Release|x64 = Release|x64
		Release|x86 = Release|x86
	EndGlobalSection
	GlobalSection(ProjectConfigurationPlatforms) = postSolution
		{C8195391-6893-4859-B445-AF881A55E5F5}.Debug|x64.ActiveCfg = Debug|x64
		{C8195391-6893-4859-B445-AF881A55E5F5}.Debug|x64.Build.0 = Debug|x64
		{C8195391-6893-4859-B445-AF881A55E5F5}.Debug|x86.ActiveCfg = Debug|Win32
		{C8195391-6893-4859-B445-AF881A55E5F5}.Debug|x86.Build.0 = Debug|Win32
		{C8195391-6893-4859-B445-AF881A55E5F5}.Release|x64.ActiveCfg = Release|x64
		{C8195391-6893-4859-B445-AF881A55E5F5}.Release|x64.Build.0 = Release|x64
		{C8195391-6893-4859-B445-AF881A55E5F5}.Release|x86.ActiveCfg = Release|Win32
		{C8195391-6893-4859-B445-AF881A55E5F5}.Release|x86.Build.0 = Release|Win32
	EndGlobalSection
	GlobalSection(SolutionProperties) = preSolution
		HideSolutionNode = FALSE
	EndGlobalSection
	GlobalSection(ExtensibilityGlobals) = postSolution
		SolutionGuid = {CF4C2248-6EAF-4EE0-959A-D2EC1A7C35CE}
	EndGlobalSection
EndGlobal
