
Microsoft Visual Studio Solution File, Format Version 12.00
# Visual Studio Version 16
VisualStudioVersion = 16.0.29503.13
MinimumVisualStudioVersion = 10.0.40219.1
Project("{8BC9CEB8-8B4A-11D0-8D11-00A0C91BC942}") = "levenberg_marquardt", "revisoes_metodos.vcxproj", "{5B38CE1C-352D-4779-B099-377E1557EB87}"
EndProject
Project("{8BC9CEB8-8B4A-11D0-8D11-00A0C91BC942}") = "gradiente", "..\gradiente\gradiente.vcxproj", "{529F3FD5-F6EF-4B2D-8E6B-C9B507220F7C}"
EndProject
Project("{8BC9CEB8-8B4A-11D0-8D11-00A0C91BC942}") = "quadrica", "..\quadrica\quadrica.vcxproj", "{D0C5DFA1-626E-43F8-8ECE-4D324D770178}"
EndProject
Project("{8BC9CEB8-8B4A-11D0-8D11-00A0C91BC942}") = "seccao_aurea", "..\seccao_aurea\seccao_aurea.vcxproj", "{2A66CF73-2F24-4084-91EA-2F38F8D2C5EE}"
EndProject
Project("{8BC9CEB8-8B4A-11D0-8D11-00A0C91BC942}") = "tercos", "..\tercos\tercos.vcxproj", "{29FACB52-4F24-4000-BC31-CC742FA9FC72}"
EndProject
Project("{8BC9CEB8-8B4A-11D0-8D11-00A0C91BC942}") = "euler", "..\euler\euler.vcxproj", "{57D7F984-AF12-42ED-BFA1-F84A3D272616}"
EndProject
Project("{8BC9CEB8-8B4A-11D0-8D11-00A0C91BC942}") = "rk2", "..\rk2\rk2.vcxproj", "{628B74B9-698A-43F1-B15D-5CFCA5C50B10}"
EndProject
Project("{8BC9CEB8-8B4A-11D0-8D11-00A0C91BC942}") = "rk4", "..\rk4\rk4.vcxproj", "{F5B02C29-C942-4C02-A672-C3ACFFE5DFF4}"
EndProject
Project("{8BC9CEB8-8B4A-11D0-8D11-00A0C91BC942}") = "sistemas_euler_rk4", "..\sistemas_euler_rk4\sistemas_euler_rk4.vcxproj", "{76B01550-0C82-4D23-B661-5922C1BDD384}"
EndProject
Project("{8BC9CEB8-8B4A-11D0-8D11-00A0C91BC942}") = "simpson", "..\simpson\simpson.vcxproj", "{E324C91A-3595-4223-BB86-A3F205F8C042}"
EndProject
Project("{8BC9CEB8-8B4A-11D0-8D11-00A0C91BC942}") = "trapezios", "..\trapezios\trapezios.vcxproj", "{D61DE52E-75FC-4E10-99C0-EF4108653050}"
EndProject
Project("{8BC9CEB8-8B4A-11D0-8D11-00A0C91BC942}") = "cubatura", "..\cubatura\cubatura.vcxproj", "{AA1C5CE7-5C43-4C6E-BB91-5330C5AD1132}"
EndProject
Project("{8BC9CEB8-8B4A-11D0-8D11-00A0C91BC942}") = "gauss_seidel_jacobi", "..\gauss_seidel_jacobi\gauss_seidel_jacobi.vcxproj", "{16EB88EF-85E6-4CF1-AE84-D236C76FF1B0}"
EndProject
Project("{8BC9CEB8-8B4A-11D0-8D11-00A0C91BC942}") = "gauss_elimination", "..\gauss_elimination\gauss_elimination.vcxproj", "{441AC551-4275-45AA-955D-A80F5A014133}"
EndProject
Project("{8BC9CEB8-8B4A-11D0-8D11-00A0C91BC942}") = "bissection", "..\bissection\bissection.vcxproj", "{0AF1B61F-8B1F-4A9F-8E51-6748ED4AF67E}"
EndProject
Project("{8BC9CEB8-8B4A-11D0-8D11-00A0C91BC942}") = "corda", "..\corda\corda.vcxproj", "{0B9391B9-AB80-42AC-9F14-94A686272FFF}"
EndProject
Project("{8BC9CEB8-8B4A-11D0-8D11-00A0C91BC942}") = "newton", "..\newton\newton.vcxproj", "{6622D21D-86B1-4153-A3A8-0CD37A791795}"
EndProject
Project("{8BC9CEB8-8B4A-11D0-8D11-00A0C91BC942}") = "picard_peano", "..\picard_peano\picard_peano.vcxproj", "{B484F3F8-7D7C-46F4-B6FB-1E6C87DB727D}"
EndProject
Project("{8BC9CEB8-8B4A-11D0-8D11-00A0C91BC942}") = "newton_sistema", "..\newton_sistema\newton_sistema.vcxproj", "{72820D20-2FA4-4DE2-B337-0C7E3D029ACE}"
EndProject
Project("{8BC9CEB8-8B4A-11D0-8D11-00A0C91BC942}") = "picard_peano_sistema", "..\picard_peano_sistema\picard_peano_sistema.vcxproj", "{0681ECF4-402F-4D0F-A96A-C313CFF88656}"
EndProject
Global
	GlobalSection(SolutionConfigurationPlatforms) = preSolution
		Debug|x64 = Debug|x64
		Debug|x86 = Debug|x86
		Release|x64 = Release|x64
		Release|x86 = Release|x86
	EndGlobalSection
	GlobalSection(ProjectConfigurationPlatforms) = postSolution
		{5B38CE1C-352D-4779-B099-377E1557EB87}.Debug|x64.ActiveCfg = Debug|x64
		{5B38CE1C-352D-4779-B099-377E1557EB87}.Debug|x64.Build.0 = Debug|x64
		{5B38CE1C-352D-4779-B099-377E1557EB87}.Debug|x86.ActiveCfg = Debug|Win32
		{5B38CE1C-352D-4779-B099-377E1557EB87}.Debug|x86.Build.0 = Debug|Win32
		{5B38CE1C-352D-4779-B099-377E1557EB87}.Release|x64.ActiveCfg = Release|x64
		{5B38CE1C-352D-4779-B099-377E1557EB87}.Release|x64.Build.0 = Release|x64
		{5B38CE1C-352D-4779-B099-377E1557EB87}.Release|x86.ActiveCfg = Release|Win32
		{5B38CE1C-352D-4779-B099-377E1557EB87}.Release|x86.Build.0 = Release|Win32
		{529F3FD5-F6EF-4B2D-8E6B-C9B507220F7C}.Debug|x64.ActiveCfg = Debug|x64
		{529F3FD5-F6EF-4B2D-8E6B-C9B507220F7C}.Debug|x64.Build.0 = Debug|x64
		{529F3FD5-F6EF-4B2D-8E6B-C9B507220F7C}.Debug|x86.ActiveCfg = Debug|Win32
		{529F3FD5-F6EF-4B2D-8E6B-C9B507220F7C}.Debug|x86.Build.0 = Debug|Win32
		{529F3FD5-F6EF-4B2D-8E6B-C9B507220F7C}.Release|x64.ActiveCfg = Release|x64
		{529F3FD5-F6EF-4B2D-8E6B-C9B507220F7C}.Release|x64.Build.0 = Release|x64
		{529F3FD5-F6EF-4B2D-8E6B-C9B507220F7C}.Release|x86.ActiveCfg = Release|Win32
		{529F3FD5-F6EF-4B2D-8E6B-C9B507220F7C}.Release|x86.Build.0 = Release|Win32
		{D0C5DFA1-626E-43F8-8ECE-4D324D770178}.Debug|x64.ActiveCfg = Debug|x64
		{D0C5DFA1-626E-43F8-8ECE-4D324D770178}.Debug|x64.Build.0 = Debug|x64
		{D0C5DFA1-626E-43F8-8ECE-4D324D770178}.Debug|x86.ActiveCfg = Debug|Win32
		{D0C5DFA1-626E-43F8-8ECE-4D324D770178}.Debug|x86.Build.0 = Debug|Win32
		{D0C5DFA1-626E-43F8-8ECE-4D324D770178}.Release|x64.ActiveCfg = Release|x64
		{D0C5DFA1-626E-43F8-8ECE-4D324D770178}.Release|x64.Build.0 = Release|x64
		{D0C5DFA1-626E-43F8-8ECE-4D324D770178}.Release|x86.ActiveCfg = Release|Win32
		{D0C5DFA1-626E-43F8-8ECE-4D324D770178}.Release|x86.Build.0 = Release|Win32
		{2A66CF73-2F24-4084-91EA-2F38F8D2C5EE}.Debug|x64.ActiveCfg = Debug|x64
		{2A66CF73-2F24-4084-91EA-2F38F8D2C5EE}.Debug|x64.Build.0 = Debug|x64
		{2A66CF73-2F24-4084-91EA-2F38F8D2C5EE}.Debug|x86.ActiveCfg = Debug|Win32
		{2A66CF73-2F24-4084-91EA-2F38F8D2C5EE}.Debug|x86.Build.0 = Debug|Win32
		{2A66CF73-2F24-4084-91EA-2F38F8D2C5EE}.Release|x64.ActiveCfg = Release|x64
		{2A66CF73-2F24-4084-91EA-2F38F8D2C5EE}.Release|x64.Build.0 = Release|x64
		{2A66CF73-2F24-4084-91EA-2F38F8D2C5EE}.Release|x86.ActiveCfg = Release|Win32
		{2A66CF73-2F24-4084-91EA-2F38F8D2C5EE}.Release|x86.Build.0 = Release|Win32
		{29FACB52-4F24-4000-BC31-CC742FA9FC72}.Debug|x64.ActiveCfg = Debug|x64
		{29FACB52-4F24-4000-BC31-CC742FA9FC72}.Debug|x64.Build.0 = Debug|x64
		{29FACB52-4F24-4000-BC31-CC742FA9FC72}.Debug|x86.ActiveCfg = Debug|Win32
		{29FACB52-4F24-4000-BC31-CC742FA9FC72}.Debug|x86.Build.0 = Debug|Win32
		{29FACB52-4F24-4000-BC31-CC742FA9FC72}.Release|x64.ActiveCfg = Release|x64
		{29FACB52-4F24-4000-BC31-CC742FA9FC72}.Release|x64.Build.0 = Release|x64
		{29FACB52-4F24-4000-BC31-CC742FA9FC72}.Release|x86.ActiveCfg = Release|Win32
		{29FACB52-4F24-4000-BC31-CC742FA9FC72}.Release|x86.Build.0 = Release|Win32
		{57D7F984-AF12-42ED-BFA1-F84A3D272616}.Debug|x64.ActiveCfg = Debug|x64
		{57D7F984-AF12-42ED-BFA1-F84A3D272616}.Debug|x64.Build.0 = Debug|x64
		{57D7F984-AF12-42ED-BFA1-F84A3D272616}.Debug|x86.ActiveCfg = Debug|Win32
		{57D7F984-AF12-42ED-BFA1-F84A3D272616}.Debug|x86.Build.0 = Debug|Win32
		{57D7F984-AF12-42ED-BFA1-F84A3D272616}.Release|x64.ActiveCfg = Release|x64
		{57D7F984-AF12-42ED-BFA1-F84A3D272616}.Release|x64.Build.0 = Release|x64
		{57D7F984-AF12-42ED-BFA1-F84A3D272616}.Release|x86.ActiveCfg = Release|Win32
		{57D7F984-AF12-42ED-BFA1-F84A3D272616}.Release|x86.Build.0 = Release|Win32
		{628B74B9-698A-43F1-B15D-5CFCA5C50B10}.Debug|x64.ActiveCfg = Debug|x64
		{628B74B9-698A-43F1-B15D-5CFCA5C50B10}.Debug|x64.Build.0 = Debug|x64
		{628B74B9-698A-43F1-B15D-5CFCA5C50B10}.Debug|x86.ActiveCfg = Debug|Win32
		{628B74B9-698A-43F1-B15D-5CFCA5C50B10}.Debug|x86.Build.0 = Debug|Win32
		{628B74B9-698A-43F1-B15D-5CFCA5C50B10}.Release|x64.ActiveCfg = Release|x64
		{628B74B9-698A-43F1-B15D-5CFCA5C50B10}.Release|x64.Build.0 = Release|x64
		{628B74B9-698A-43F1-B15D-5CFCA5C50B10}.Release|x86.ActiveCfg = Release|Win32
		{628B74B9-698A-43F1-B15D-5CFCA5C50B10}.Release|x86.Build.0 = Release|Win32
		{F5B02C29-C942-4C02-A672-C3ACFFE5DFF4}.Debug|x64.ActiveCfg = Debug|x64
		{F5B02C29-C942-4C02-A672-C3ACFFE5DFF4}.Debug|x64.Build.0 = Debug|x64
		{F5B02C29-C942-4C02-A672-C3ACFFE5DFF4}.Debug|x86.ActiveCfg = Debug|Win32
		{F5B02C29-C942-4C02-A672-C3ACFFE5DFF4}.Debug|x86.Build.0 = Debug|Win32
		{F5B02C29-C942-4C02-A672-C3ACFFE5DFF4}.Release|x64.ActiveCfg = Release|x64
		{F5B02C29-C942-4C02-A672-C3ACFFE5DFF4}.Release|x64.Build.0 = Release|x64
		{F5B02C29-C942-4C02-A672-C3ACFFE5DFF4}.Release|x86.ActiveCfg = Release|Win32
		{F5B02C29-C942-4C02-A672-C3ACFFE5DFF4}.Release|x86.Build.0 = Release|Win32
		{76B01550-0C82-4D23-B661-5922C1BDD384}.Debug|x64.ActiveCfg = Debug|x64
		{76B01550-0C82-4D23-B661-5922C1BDD384}.Debug|x64.Build.0 = Debug|x64
		{76B01550-0C82-4D23-B661-5922C1BDD384}.Debug|x86.ActiveCfg = Debug|Win32
		{76B01550-0C82-4D23-B661-5922C1BDD384}.Debug|x86.Build.0 = Debug|Win32
		{76B01550-0C82-4D23-B661-5922C1BDD384}.Release|x64.ActiveCfg = Release|x64
		{76B01550-0C82-4D23-B661-5922C1BDD384}.Release|x64.Build.0 = Release|x64
		{76B01550-0C82-4D23-B661-5922C1BDD384}.Release|x86.ActiveCfg = Release|Win32
		{76B01550-0C82-4D23-B661-5922C1BDD384}.Release|x86.Build.0 = Release|Win32
		{E324C91A-3595-4223-BB86-A3F205F8C042}.Debug|x64.ActiveCfg = Debug|x64
		{E324C91A-3595-4223-BB86-A3F205F8C042}.Debug|x64.Build.0 = Debug|x64
		{E324C91A-3595-4223-BB86-A3F205F8C042}.Debug|x86.ActiveCfg = Debug|Win32
		{E324C91A-3595-4223-BB86-A3F205F8C042}.Debug|x86.Build.0 = Debug|Win32
		{E324C91A-3595-4223-BB86-A3F205F8C042}.Release|x64.ActiveCfg = Release|x64
		{E324C91A-3595-4223-BB86-A3F205F8C042}.Release|x64.Build.0 = Release|x64
		{E324C91A-3595-4223-BB86-A3F205F8C042}.Release|x86.ActiveCfg = Release|Win32
		{E324C91A-3595-4223-BB86-A3F205F8C042}.Release|x86.Build.0 = Release|Win32
		{D61DE52E-75FC-4E10-99C0-EF4108653050}.Debug|x64.ActiveCfg = Debug|x64
		{D61DE52E-75FC-4E10-99C0-EF4108653050}.Debug|x64.Build.0 = Debug|x64
		{D61DE52E-75FC-4E10-99C0-EF4108653050}.Debug|x86.ActiveCfg = Debug|Win32
		{D61DE52E-75FC-4E10-99C0-EF4108653050}.Debug|x86.Build.0 = Debug|Win32
		{D61DE52E-75FC-4E10-99C0-EF4108653050}.Release|x64.ActiveCfg = Release|x64
		{D61DE52E-75FC-4E10-99C0-EF4108653050}.Release|x64.Build.0 = Release|x64
		{D61DE52E-75FC-4E10-99C0-EF4108653050}.Release|x86.ActiveCfg = Release|Win32
		{D61DE52E-75FC-4E10-99C0-EF4108653050}.Release|x86.Build.0 = Release|Win32
		{AA1C5CE7-5C43-4C6E-BB91-5330C5AD1132}.Debug|x64.ActiveCfg = Debug|x64
		{AA1C5CE7-5C43-4C6E-BB91-5330C5AD1132}.Debug|x64.Build.0 = Debug|x64
		{AA1C5CE7-5C43-4C6E-BB91-5330C5AD1132}.Debug|x86.ActiveCfg = Debug|Win32
		{AA1C5CE7-5C43-4C6E-BB91-5330C5AD1132}.Debug|x86.Build.0 = Debug|Win32
		{AA1C5CE7-5C43-4C6E-BB91-5330C5AD1132}.Release|x64.ActiveCfg = Release|x64
		{AA1C5CE7-5C43-4C6E-BB91-5330C5AD1132}.Release|x64.Build.0 = Release|x64
		{AA1C5CE7-5C43-4C6E-BB91-5330C5AD1132}.Release|x86.ActiveCfg = Release|Win32
		{AA1C5CE7-5C43-4C6E-BB91-5330C5AD1132}.Release|x86.Build.0 = Release|Win32
		{16EB88EF-85E6-4CF1-AE84-D236C76FF1B0}.Debug|x64.ActiveCfg = Debug|x64
		{16EB88EF-85E6-4CF1-AE84-D236C76FF1B0}.Debug|x64.Build.0 = Debug|x64
		{16EB88EF-85E6-4CF1-AE84-D236C76FF1B0}.Debug|x86.ActiveCfg = Debug|Win32
		{16EB88EF-85E6-4CF1-AE84-D236C76FF1B0}.Debug|x86.Build.0 = Debug|Win32
		{16EB88EF-85E6-4CF1-AE84-D236C76FF1B0}.Release|x64.ActiveCfg = Release|x64
		{16EB88EF-85E6-4CF1-AE84-D236C76FF1B0}.Release|x64.Build.0 = Release|x64
		{16EB88EF-85E6-4CF1-AE84-D236C76FF1B0}.Release|x86.ActiveCfg = Release|Win32
		{16EB88EF-85E6-4CF1-AE84-D236C76FF1B0}.Release|x86.Build.0 = Release|Win32
		{441AC551-4275-45AA-955D-A80F5A014133}.Debug|x64.ActiveCfg = Debug|x64
		{441AC551-4275-45AA-955D-A80F5A014133}.Debug|x64.Build.0 = Debug|x64
		{441AC551-4275-45AA-955D-A80F5A014133}.Debug|x86.ActiveCfg = Debug|Win32
		{441AC551-4275-45AA-955D-A80F5A014133}.Debug|x86.Build.0 = Debug|Win32
		{441AC551-4275-45AA-955D-A80F5A014133}.Release|x64.ActiveCfg = Release|x64
		{441AC551-4275-45AA-955D-A80F5A014133}.Release|x64.Build.0 = Release|x64
		{441AC551-4275-45AA-955D-A80F5A014133}.Release|x86.ActiveCfg = Release|Win32
		{441AC551-4275-45AA-955D-A80F5A014133}.Release|x86.Build.0 = Release|Win32
		{0AF1B61F-8B1F-4A9F-8E51-6748ED4AF67E}.Debug|x64.ActiveCfg = Debug|x64
		{0AF1B61F-8B1F-4A9F-8E51-6748ED4AF67E}.Debug|x64.Build.0 = Debug|x64
		{0AF1B61F-8B1F-4A9F-8E51-6748ED4AF67E}.Debug|x86.ActiveCfg = Debug|Win32
		{0AF1B61F-8B1F-4A9F-8E51-6748ED4AF67E}.Debug|x86.Build.0 = Debug|Win32
		{0AF1B61F-8B1F-4A9F-8E51-6748ED4AF67E}.Release|x64.ActiveCfg = Release|x64
		{0AF1B61F-8B1F-4A9F-8E51-6748ED4AF67E}.Release|x64.Build.0 = Release|x64
		{0AF1B61F-8B1F-4A9F-8E51-6748ED4AF67E}.Release|x86.ActiveCfg = Release|Win32
		{0AF1B61F-8B1F-4A9F-8E51-6748ED4AF67E}.Release|x86.Build.0 = Release|Win32
		{0B9391B9-AB80-42AC-9F14-94A686272FFF}.Debug|x64.ActiveCfg = Debug|x64
		{0B9391B9-AB80-42AC-9F14-94A686272FFF}.Debug|x64.Build.0 = Debug|x64
		{0B9391B9-AB80-42AC-9F14-94A686272FFF}.Debug|x86.ActiveCfg = Debug|Win32
		{0B9391B9-AB80-42AC-9F14-94A686272FFF}.Debug|x86.Build.0 = Debug|Win32
		{0B9391B9-AB80-42AC-9F14-94A686272FFF}.Release|x64.ActiveCfg = Release|x64
		{0B9391B9-AB80-42AC-9F14-94A686272FFF}.Release|x64.Build.0 = Release|x64
		{0B9391B9-AB80-42AC-9F14-94A686272FFF}.Release|x86.ActiveCfg = Release|Win32
		{0B9391B9-AB80-42AC-9F14-94A686272FFF}.Release|x86.Build.0 = Release|Win32
		{6622D21D-86B1-4153-A3A8-0CD37A791795}.Debug|x64.ActiveCfg = Debug|x64
		{6622D21D-86B1-4153-A3A8-0CD37A791795}.Debug|x64.Build.0 = Debug|x64
		{6622D21D-86B1-4153-A3A8-0CD37A791795}.Debug|x86.ActiveCfg = Debug|Win32
		{6622D21D-86B1-4153-A3A8-0CD37A791795}.Debug|x86.Build.0 = Debug|Win32
		{6622D21D-86B1-4153-A3A8-0CD37A791795}.Release|x64.ActiveCfg = Release|x64
		{6622D21D-86B1-4153-A3A8-0CD37A791795}.Release|x64.Build.0 = Release|x64
		{6622D21D-86B1-4153-A3A8-0CD37A791795}.Release|x86.ActiveCfg = Release|Win32
		{6622D21D-86B1-4153-A3A8-0CD37A791795}.Release|x86.Build.0 = Release|Win32
		{B484F3F8-7D7C-46F4-B6FB-1E6C87DB727D}.Debug|x64.ActiveCfg = Debug|x64
		{B484F3F8-7D7C-46F4-B6FB-1E6C87DB727D}.Debug|x64.Build.0 = Debug|x64
		{B484F3F8-7D7C-46F4-B6FB-1E6C87DB727D}.Debug|x86.ActiveCfg = Debug|Win32
		{B484F3F8-7D7C-46F4-B6FB-1E6C87DB727D}.Debug|x86.Build.0 = Debug|Win32
		{B484F3F8-7D7C-46F4-B6FB-1E6C87DB727D}.Release|x64.ActiveCfg = Release|x64
		{B484F3F8-7D7C-46F4-B6FB-1E6C87DB727D}.Release|x64.Build.0 = Release|x64
		{B484F3F8-7D7C-46F4-B6FB-1E6C87DB727D}.Release|x86.ActiveCfg = Release|Win32
		{B484F3F8-7D7C-46F4-B6FB-1E6C87DB727D}.Release|x86.Build.0 = Release|Win32
		{72820D20-2FA4-4DE2-B337-0C7E3D029ACE}.Debug|x64.ActiveCfg = Debug|x64
		{72820D20-2FA4-4DE2-B337-0C7E3D029ACE}.Debug|x64.Build.0 = Debug|x64
		{72820D20-2FA4-4DE2-B337-0C7E3D029ACE}.Debug|x86.ActiveCfg = Debug|Win32
		{72820D20-2FA4-4DE2-B337-0C7E3D029ACE}.Debug|x86.Build.0 = Debug|Win32
		{72820D20-2FA4-4DE2-B337-0C7E3D029ACE}.Release|x64.ActiveCfg = Release|x64
		{72820D20-2FA4-4DE2-B337-0C7E3D029ACE}.Release|x64.Build.0 = Release|x64
		{72820D20-2FA4-4DE2-B337-0C7E3D029ACE}.Release|x86.ActiveCfg = Release|Win32
		{72820D20-2FA4-4DE2-B337-0C7E3D029ACE}.Release|x86.Build.0 = Release|Win32
		{0681ECF4-402F-4D0F-A96A-C313CFF88656}.Debug|x64.ActiveCfg = Debug|x64
		{0681ECF4-402F-4D0F-A96A-C313CFF88656}.Debug|x64.Build.0 = Debug|x64
		{0681ECF4-402F-4D0F-A96A-C313CFF88656}.Debug|x86.ActiveCfg = Debug|Win32
		{0681ECF4-402F-4D0F-A96A-C313CFF88656}.Debug|x86.Build.0 = Debug|Win32
		{0681ECF4-402F-4D0F-A96A-C313CFF88656}.Release|x64.ActiveCfg = Release|x64
		{0681ECF4-402F-4D0F-A96A-C313CFF88656}.Release|x64.Build.0 = Release|x64
		{0681ECF4-402F-4D0F-A96A-C313CFF88656}.Release|x86.ActiveCfg = Release|Win32
		{0681ECF4-402F-4D0F-A96A-C313CFF88656}.Release|x86.Build.0 = Release|Win32
	EndGlobalSection
	GlobalSection(SolutionProperties) = preSolution
		HideSolutionNode = FALSE
	EndGlobalSection
	GlobalSection(ExtensibilityGlobals) = postSolution
		SolutionGuid = {63F65844-691A-4AA5-B038-B867C0225B28}
	EndGlobalSection
EndGlobal
